
Microsoft Visual Studio Solution File, Format Version 12.00
# Visual Studio 14
VisualStudioVersion = 14.0.24720.0
MinimumVisualStudioVersion = 10.0.40219.1
Project("{FAE04EC0-301F-11D3-BF4B-00C04F79EFBC}") = "CatExercise", "CatExercise\CatExercise.csproj", "{7F83E513-6838-43AC-A779-248761933DCF}"
EndProject
Project("{FAE04EC0-301F-11D3-BF4B-00C04F79EFBC}") = "CatExercise.Tests", "CatExercise.Tests\CatExercise.Tests.csproj", "{08BEDA17-2248-4924-87AC-7938146EFFE4}"
EndProject
Project("{FAE04EC0-301F-11D3-BF4B-00C04F79EFBC}") = "CodeFirstCat", "CodeFirstCat\CodeFirstCat.csproj", "{BC4F72F6-50E1-430D-AB36-31827CA9F19F}"
EndProject
Global
	GlobalSection(SolutionConfigurationPlatforms) = preSolution
		Debug|Any CPU = Debug|Any CPU
		Release|Any CPU = Release|Any CPU
	EndGlobalSection
	GlobalSection(ProjectConfigurationPlatforms) = postSolution
		{7F83E513-6838-43AC-A779-248761933DCF}.Debug|Any CPU.ActiveCfg = Debug|Any CPU
		{7F83E513-6838-43AC-A779-248761933DCF}.Debug|Any CPU.Build.0 = Debug|Any CPU
		{7F83E513-6838-43AC-A779-248761933DCF}.Release|Any CPU.ActiveCfg = Release|Any CPU
		{7F83E513-6838-43AC-A779-248761933DCF}.Release|Any CPU.Build.0 = Release|Any CPU
		{08BEDA17-2248-4924-87AC-7938146EFFE4}.Debug|Any CPU.ActiveCfg = Debug|Any CPU
		{08BEDA17-2248-4924-87AC-7938146EFFE4}.Debug|Any CPU.Build.0 = Debug|Any CPU
		{08BEDA17-2248-4924-87AC-7938146EFFE4}.Release|Any CPU.ActiveCfg = Release|Any CPU
		{08BEDA17-2248-4924-87AC-7938146EFFE4}.Release|Any CPU.Build.0 = Release|Any CPU
		{BC4F72F6-50E1-430D-AB36-31827CA9F19F}.Debug|Any CPU.ActiveCfg = Debug|Any CPU
		{BC4F72F6-50E1-430D-AB36-31827CA9F19F}.Debug|Any CPU.Build.0 = Debug|Any CPU
		{BC4F72F6-50E1-430D-AB36-31827CA9F19F}.Release|Any CPU.ActiveCfg = Release|Any CPU
		{BC4F72F6-50E1-430D-AB36-31827CA9F19F}.Release|Any CPU.Build.0 = Release|Any CPU
	EndGlobalSection
	GlobalSection(SolutionProperties) = preSolution
		HideSolutionNode = FALSE
	EndGlobalSection
EndGlobal
